
Microsoft Visual Studio Solution File, Format Version 12.00
# Visual Studio Version 16
VisualStudioVersion = 16.0.30011.22
MinimumVisualStudioVersion = 10.0.40219.1
Project("{9A19103F-16F7-4668-BE54-9A1E7A4F7556}") = "Client", "Client\Client.csproj", "{E805AC2B-F8F1-4B0F-B664-80F396F568BF}"
EndProject
Project("{9A19103F-16F7-4668-BE54-9A1E7A4F7556}") = "Demo", "Demo\Demo.csproj", "{1A112349-4B03-429E-A428-EBB9CAAD9302}"
EndProject
Global
	GlobalSection(SolutionConfigurationPlatforms) = preSolution
		Debug|Any CPU = Debug|Any CPU
		Release|Any CPU = Release|Any CPU
	EndGlobalSection
	GlobalSection(ProjectConfigurationPlatforms) = postSolution
		{E805AC2B-F8F1-4B0F-B664-80F396F568BF}.Debug|Any CPU.ActiveCfg = Debug|Any CPU
		{E805AC2B-F8F1-4B0F-B664-80F396F568BF}.Debug|Any CPU.Build.0 = Debug|Any CPU
		{E805AC2B-F8F1-4B0F-B664-80F396F568BF}.Release|Any CPU.ActiveCfg = Release|Any CPU
		{E805AC2B-F8F1-4B0F-B664-80F396F568BF}.Release|Any CPU.Build.0 = Release|Any CPU
		{1A112349-4B03-429E-A428-EBB9CAAD9302}.Debug|Any CPU.ActiveCfg = Debug|Any CPU
		{1A112349-4B03-429E-A428-EBB9CAAD9302}.Debug|Any CPU.Build.0 = Debug|Any CPU
		{1A112349-4B03-429E-A428-EBB9CAAD9302}.Release|Any CPU.ActiveCfg = Release|Any CPU
		{1A112349-4B03-429E-A428-EBB9CAAD9302}.Release|Any CPU.Build.0 = Release|Any CPU
	EndGlobalSection
	GlobalSection(SolutionProperties) = preSolution
		HideSolutionNode = FALSE
	EndGlobalSection
	GlobalSection(ExtensibilityGlobals) = postSolution
		SolutionGuid = {237F9C9D-87E4-40E5-8A66-B96CC7ADE352}
	EndGlobalSection
EndGlobal
